
Microsoft Visual Studio Solution File, Format Version 12.00
# Visual Studio Version 17
VisualStudioVersion = 17.5.33103.201
MinimumVisualStudioVersion = 10.0.40219.1
Project("{9A19103F-16F7-4668-BE54-9A1E7A4F7556}") = "VRCFT - Quest OpenXR", "..\VRCFT - Quest OpenXR\VRCFT - Quest OpenXR\VRCFT - Quest OpenXR.csproj", "{23594732-A6F7-4985-BC8E-9C31278864A5}"
EndProject
Project("{2150E333-8FDC-42A3-9474-1A3956D46DE8}") = "Solution Items", "Solution Items", "{7EB77246-2605-40C6-8543-84A12ED9B4C2}"
	ProjectSection(SolutionItems) = preProject
		README.md = README.md
	EndProjectSection
EndProject
Global
	GlobalSection(SolutionConfigurationPlatforms) = preSolution
		Debug|Any CPU = Debug|Any CPU
		Debug|arm64 = Debug|arm64
		Debug|x64 = Debug|x64
		Debug|x86 = Debug|x86
		Release|Any CPU = Release|Any CPU
		Release|arm64 = Release|arm64
		Release|x64 = Release|x64
		Release|x86 = Release|x86
	EndGlobalSection
	GlobalSection(ProjectConfigurationPlatforms) = postSolution
		{23594732-A6F7-4985-BC8E-9C31278864A5}.Debug|Any CPU.ActiveCfg = Debug|Any CPU
		{23594732-A6F7-4985-BC8E-9C31278864A5}.Debug|Any CPU.Build.0 = Debug|Any CPU
		{23594732-A6F7-4985-BC8E-9C31278864A5}.Debug|arm64.ActiveCfg = Debug|Any CPU
		{23594732-A6F7-4985-BC8E-9C31278864A5}.Debug|arm64.Build.0 = Debug|Any CPU
		{23594732-A6F7-4985-BC8E-9C31278864A5}.Debug|x64.ActiveCfg = Debug|x64
		{23594732-A6F7-4985-BC8E-9C31278864A5}.Debug|x64.Build.0 = Debug|x64
		{23594732-A6F7-4985-BC8E-9C31278864A5}.Debug|x86.ActiveCfg = Debug|Any CPU
		{23594732-A6F7-4985-BC8E-9C31278864A5}.Debug|x86.Build.0 = Debug|Any CPU
		{23594732-A6F7-4985-BC8E-9C31278864A5}.Release|Any CPU.ActiveCfg = Release|Any CPU
		{23594732-A6F7-4985-BC8E-9C31278864A5}.Release|Any CPU.Build.0 = Release|Any CPU
		{23594732-A6F7-4985-BC8E-9C31278864A5}.Release|arm64.ActiveCfg = Release|Any CPU
		{23594732-A6F7-4985-BC8E-9C31278864A5}.Release|arm64.Build.0 = Release|Any CPU
		{23594732-A6F7-4985-BC8E-9C31278864A5}.Release|x64.ActiveCfg = Release|x64
		{23594732-A6F7-4985-BC8E-9C31278864A5}.Release|x64.Build.0 = Release|x64
		{23594732-A6F7-4985-BC8E-9C31278864A5}.Release|x86.ActiveCfg = Release|Any CPU
		{23594732-A6F7-4985-BC8E-9C31278864A5}.Release|x86.Build.0 = Release|Any CPU
	EndGlobalSection
	GlobalSection(SolutionProperties) = preSolution
		HideSolutionNode = FALSE
	EndGlobalSection
	GlobalSection(ExtensibilityGlobals) = postSolution
		SolutionGuid = {A4FA5C7F-BB02-45EA-BD22-020BD2DC828C}
	EndGlobalSection
EndGlobal
